
Microsoft Visual Studio Solution File, Format Version 12.00
# Visual Studio Version 17
VisualStudioVersion = 17.5.33516.290
MinimumVisualStudioVersion = 10.0.40219.1
Project("{9A19103F-16F7-4668-BE54-9A1E7A4F7556}") = "SumOfTwoNumbers", "SumOfTwoNumbers\SumOfTwoNumbers.csproj", "{F1CA2570-6679-475C-A6F4-36829E160E11}"
EndProject
Project("{9A19103F-16F7-4668-BE54-9A1E7A4F7556}") = "SumOfNumberDigits", "SumOfNumberDigits\SumOfNumberDigits.csproj", "{F37BFC43-8082-4CC9-B56F-C7F55D434AC0}"
EndProject
Project("{9A19103F-16F7-4668-BE54-9A1E7A4F7556}") = "ImportNumberAndOutput", "ImportNumberAndOutput\ImportNumberAndOutput.csproj", "{8A4A8CCE-0E2C-479D-8D81-BB5D5AAF1405}"
EndProject
Project("{9A19103F-16F7-4668-BE54-9A1E7A4F7556}") = "GivenAYearReturnTheCenturyItIsIn.", "GivenAYearReturnTheCenturyItIsIn\GivenAYearReturnTheCenturyItIsIn..csproj", "{95A692A0-411D-434C-BD78-21B4AE85A42B}"
EndProject
Project("{FAE04EC0-301F-11D3-BF4B-00C04F79EFBC}") = "GivenTheStringCheckIfItIsPalindrome.", "GivenTheStringCheckIfItIsPalindrome\GivenTheStringCheckIfItIsPalindrome..csproj", "{D58F40C7-AC7E-4B4A-A4BE-63449D2F863B}"
EndProject
Global
	GlobalSection(SolutionConfigurationPlatforms) = preSolution
		Debug|Any CPU = Debug|Any CPU
		Release|Any CPU = Release|Any CPU
	EndGlobalSection
	GlobalSection(ProjectConfigurationPlatforms) = postSolution
		{F1CA2570-6679-475C-A6F4-36829E160E11}.Debug|Any CPU.ActiveCfg = Debug|Any CPU
		{F1CA2570-6679-475C-A6F4-36829E160E11}.Debug|Any CPU.Build.0 = Debug|Any CPU
		{F1CA2570-6679-475C-A6F4-36829E160E11}.Release|Any CPU.ActiveCfg = Release|Any CPU
		{F1CA2570-6679-475C-A6F4-36829E160E11}.Release|Any CPU.Build.0 = Release|Any CPU
		{F37BFC43-8082-4CC9-B56F-C7F55D434AC0}.Debug|Any CPU.ActiveCfg = Debug|Any CPU
		{F37BFC43-8082-4CC9-B56F-C7F55D434AC0}.Debug|Any CPU.Build.0 = Debug|Any CPU
		{F37BFC43-8082-4CC9-B56F-C7F55D434AC0}.Release|Any CPU.ActiveCfg = Release|Any CPU
		{F37BFC43-8082-4CC9-B56F-C7F55D434AC0}.Release|Any CPU.Build.0 = Release|Any CPU
		{8A4A8CCE-0E2C-479D-8D81-BB5D5AAF1405}.Debug|Any CPU.ActiveCfg = Debug|Any CPU
		{8A4A8CCE-0E2C-479D-8D81-BB5D5AAF1405}.Debug|Any CPU.Build.0 = Debug|Any CPU
		{8A4A8CCE-0E2C-479D-8D81-BB5D5AAF1405}.Release|Any CPU.ActiveCfg = Release|Any CPU
		{8A4A8CCE-0E2C-479D-8D81-BB5D5AAF1405}.Release|Any CPU.Build.0 = Release|Any CPU
		{95A692A0-411D-434C-BD78-21B4AE85A42B}.Debug|Any CPU.ActiveCfg = Debug|Any CPU
		{95A692A0-411D-434C-BD78-21B4AE85A42B}.Debug|Any CPU.Build.0 = Debug|Any CPU
		{95A692A0-411D-434C-BD78-21B4AE85A42B}.Release|Any CPU.ActiveCfg = Release|Any CPU
		{95A692A0-411D-434C-BD78-21B4AE85A42B}.Release|Any CPU.Build.0 = Release|Any CPU
		{D58F40C7-AC7E-4B4A-A4BE-63449D2F863B}.Debug|Any CPU.ActiveCfg = Debug|Any CPU
		{D58F40C7-AC7E-4B4A-A4BE-63449D2F863B}.Debug|Any CPU.Build.0 = Debug|Any CPU
		{D58F40C7-AC7E-4B4A-A4BE-63449D2F863B}.Release|Any CPU.ActiveCfg = Release|Any CPU
		{D58F40C7-AC7E-4B4A-A4BE-63449D2F863B}.Release|Any CPU.Build.0 = Release|Any CPU
	EndGlobalSection
	GlobalSection(SolutionProperties) = preSolution
		HideSolutionNode = FALSE
	EndGlobalSection
	GlobalSection(ExtensibilityGlobals) = postSolution
		SolutionGuid = {EEEEA706-1394-4B8B-9550-612EDC839652}
	EndGlobalSection
EndGlobal
